github.com/DestyNova/ink-free v1.3.3-0.20230430220028-e2e81bb17b50 h1:nVoQNOuChJprzk+yTHj3f914ZeYAhRCzEkFbQ9lqagE=
github.com/DestyNova/ink-free v1.3.3-0.20230430220028-e2e81bb17b50/go.mod h1:4np4hyrb0FKTlagAq18ujyMX8LP96eYrjVo7WxF9EdM=
github.com/Mitrichius/hugo-theme-anubis v0.0.0-20230419090044-b6f42fc326e0 h1:uVQxD3QRk3b1Bjdm06000xp8y4mRtWdw7cDAb1Ph7xM=
github.com/Mitrichius/hugo-theme-anubis v0.0.0-20230419090044-b6f42fc326e0/go.mod h1:FKD3NbdsQzL+cXsC3x99XD/t/Rd5EyhDlNBAxQhULbo=
github.com/chollinger93/ink-free v1.3.2 h1:pR82xtH0FT8/vymZj5mVolGXVBAvf8hOG+ZJMq6G6i4=
github.com/chollinger93/ink-free v1.3.2/go.mod h1:diBe+tAKd0iKdV9QCk8+GRlS7VqfGU9mxgvCk8JFB7A=
